
Microsoft Visual Studio Solution File, Format Version 12.00
# Visual Studio Version 17
VisualStudioVersion = 17.9.34728.123
MinimumVisualStudioVersion = 10.0.40219.1
Project("{FAE04EC0-301F-11D3-BF4B-00C04F79EFBC}") = "PetOasisAPI", "PetOasisAPI.csproj", "{0D2A7FD0-A0D2-4994-BDBF-02F194043C4E}"
EndProject
Global
	GlobalSection(SolutionConfigurationPlatforms) = preSolution
		Debug|Any CPU = Debug|Any CPU
		Release|Any CPU = Release|Any CPU
	EndGlobalSection
	GlobalSection(ProjectConfigurationPlatforms) = postSolution
		{0D2A7FD0-A0D2-4994-BDBF-02F194043C4E}.Debug|Any CPU.ActiveCfg = Debug|Any CPU
		{0D2A7FD0-A0D2-4994-BDBF-02F194043C4E}.Debug|Any CPU.Build.0 = Debug|Any CPU
		{0D2A7FD0-A0D2-4994-BDBF-02F194043C4E}.Release|Any CPU.ActiveCfg = Release|Any CPU
		{0D2A7FD0-A0D2-4994-BDBF-02F194043C4E}.Release|Any CPU.Build.0 = Release|Any CPU
	EndGlobalSection
	GlobalSection(SolutionProperties) = preSolution
		HideSolutionNode = FALSE
	EndGlobalSection
	GlobalSection(ExtensibilityGlobals) = postSolution
		SolutionGuid = {C6A35635-2CC7-40C4-9F7D-B612D1A5DC87}
	EndGlobalSection
EndGlobal
